// !$*UTF8*$!
{
	archiveVersion = 1;
	classes = {
	};
	objectVersion = 56;
	objects = {

/* Begin PBXBuildFile section */
		92EA7ABE2A1D266A001DAF45 /* CoreDataProjectApp.swift in Sources */ = {isa = PBXBuildFile; fileRef = 92EA7ABD2A1D266A001DAF45 /* CoreDataProjectApp.swift */; };
		92EA7AC02A1D266A001DAF45 /* ContentView.swift in Sources */ = {isa = PBXBuildFile; fileRef = 92EA7ABF2A1D266A001DAF45 /* ContentView.swift */; };
		92EA7AC22A1D266A001DAF45 /* Assets.xcassets in Resources */ = {isa = PBXBuildFile; fileRef = 92EA7AC12A1D266A001DAF45 /* Assets.xcassets */; };
		92EA7AC52A1D266A001DAF45 /* Preview Assets.xcassets in Resources */ = {isa = PBXBuildFile; fileRef = 92EA7AC42A1D266A001DAF45 /* Preview Assets.xcassets */; };
		92EA7ACD2A1D26E9001DAF45 /* CoreDataProject.xcdatamodeld in Sources */ = {isa = PBXBuildFile; fileRef = 92EA7ACB2A1D26E9001DAF45 /* CoreDataProject.xcdatamodeld */; };
		92EA7ACF2A1D26F4001DAF45 /* DataController.swift in Sources */ = {isa = PBXBuildFile; fileRef = 92EA7ACE2A1D26F4001DAF45 /* DataController.swift */; };
		92EA7AD22A1E70F0001DAF45 /* Movie+CoreDataClass.swift in Sources */ = {isa = PBXBuildFile; fileRef = 92EA7AD02A1E70F0001DAF45 /* Movie+CoreDataClass.swift */; };
		92EA7AD32A1E70F0001DAF45 /* Movie+CoreDataProperties.swift in Sources */ = {isa = PBXBuildFile; fileRef = 92EA7AD12A1E70F0001DAF45 /* Movie+CoreDataProperties.swift */; };
		92EA7AD62A1FC61C001DAF45 /* Singer+CoreDataClass.swift in Sources */ = {isa = PBXBuildFile; fileRef = 92EA7AD42A1FC61C001DAF45 /* Singer+CoreDataClass.swift */; };
		92EA7AD72A1FC61C001DAF45 /* Singer+CoreDataProperties.swift in Sources */ = {isa = PBXBuildFile; fileRef = 92EA7AD52A1FC61C001DAF45 /* Singer+CoreDataProperties.swift */; };
		92EA7AD92A1FC70E001DAF45 /* FilteredList.swift in Sources */ = {isa = PBXBuildFile; fileRef = 92EA7AD82A1FC70E001DAF45 /* FilteredList.swift */; };
		92EA7ADE2A20077A001DAF45 /* Candy+CoreDataClass.swift in Sources */ = {isa = PBXBuildFile; fileRef = 92EA7ADA2A20077A001DAF45 /* Candy+CoreDataClass.swift */; };
		92EA7ADF2A20077A001DAF45 /* Candy+CoreDataProperties.swift in Sources */ = {isa = PBXBuildFile; fileRef = 92EA7ADB2A20077A001DAF45 /* Candy+CoreDataProperties.swift */; };
		92EA7AE02A20077A001DAF45 /* Country+CoreDataClass.swift in Sources */ = {isa = PBXBuildFile; fileRef = 92EA7ADC2A20077A001DAF45 /* Country+CoreDataClass.swift */; };
		92EA7AE12A20077A001DAF45 /* Country+CoreDataProperties.swift in Sources */ = {isa = PBXBuildFile; fileRef = 92EA7ADD2A20077A001DAF45 /* Country+CoreDataProperties.swift */; };
/* End PBXBuildFile section */

/* Begin PBXFileReference section */
		92EA7ABA2A1D266A001DAF45 /* CoreDataProject.app */ = {isa = PBXFileReference; explicitFileType = wrapper.application; includeInIndex = 0; path = CoreDataProject.app; sourceTree = BUILT_PRODUCTS_DIR; };
		92EA7ABD2A1D266A001DAF45 /* CoreDataProjectApp.swift */ = {isa = PBXFileReference; lastKnownFileType = sourcecode.swift; path = CoreDataProjectApp.swift; sourceTree = "<group>"; };
		92EA7ABF2A1D266A001DAF45 /* ContentView.swift */ = {isa = PBXFileReference; lastKnownFileType = sourcecode.swift; path = ContentView.swift; sourceTree = "<group>"; };
		92EA7AC12A1D266A001DAF45 /* Assets.xcassets */ = {isa = PBXFileReference; lastKnownFileType = folder.assetcatalog; path = Assets.xcassets; sourceTree = "<group>"; };
		92EA7AC42A1D266A001DAF45 /* Preview Assets.xcassets */ = {isa = PBXFileReference; lastKnownFileType = folder.assetcatalog; path = "Preview Assets.xcassets"; sourceTree = "<group>"; };
		92EA7ACC2A1D26E9001DAF45 /* CoreDataProject.xcdatamodel */ = {isa = PBXFileReference; lastKnownFileType = wrapper.xcdatamodel; path = CoreDataProject.xcdatamodel; sourceTree = "<group>"; };
		92EA7ACE2A1D26F4001DAF45 /* DataController.swift */ = {isa = PBXFileReference; lastKnownFileType = sourcecode.swift; path = DataController.swift; sourceTree = "<group>"; };
		92EA7AD02A1E70F0001DAF45 /* Movie+CoreDataClass.swift */ = {isa = PBXFileReference; lastKnownFileType = sourcecode.swift; path = "Movie+CoreDataClass.swift"; sourceTree = "<group>"; };
		92EA7AD12A1E70F0001DAF45 /* Movie+CoreDataProperties.swift */ = {isa = PBXFileReference; lastKnownFileType = sourcecode.swift; path = "Movie+CoreDataProperties.swift"; sourceTree = "<group>"; };
		92EA7AD42A1FC61C001DAF45 /* Singer+CoreDataClass.swift */ = {isa = PBXFileReference; lastKnownFileType = sourcecode.swift; path = "Singer+CoreDataClass.swift"; sourceTree = "<group>"; };
		92EA7AD52A1FC61C001DAF45 /* Singer+CoreDataProperties.swift */ = {isa = PBXFileReference; lastKnownFileType = sourcecode.swift; path = "Singer+CoreDataProperties.swift"; sourceTree = "<group>"; };
		92EA7AD82A1FC70E001DAF45 /* FilteredList.swift */ = {isa = PBXFileReference; lastKnownFileType = sourcecode.swift; path = FilteredList.swift; sourceTree = "<group>"; };
		92EA7ADA2A20077A001DAF45 /* Candy+CoreDataClass.swift */ = {isa = PBXFileReference; lastKnownFileType = sourcecode.swift; path = "Candy+CoreDataClass.swift"; sourceTree = "<group>"; };
		92EA7ADB2A20077A001DAF45 /* Candy+CoreDataProperties.swift */ = {isa = PBXFileReference; lastKnownFileType = sourcecode.swift; path = "Candy+CoreDataProperties.swift"; sourceTree = "<group>"; };
		92EA7ADC2A20077A001DAF45 /* Country+CoreDataClass.swift */ = {isa = PBXFileReference; lastKnownFileType = sourcecode.swift; path = "Country+CoreDataClass.swift"; sourceTree = "<group>"; };
		92EA7ADD2A20077A001DAF45 /* Country+CoreDataProperties.swift */ = {isa = PBXFileReference; lastKnownFileType = sourcecode.swift; path = "Country+CoreDataProperties.swift"; sourceTree = "<group>"; };
/* End PBXFileReference section */

/* Begin PBXFrameworksBuildPhase section */
		92EA7AB72A1D266A001DAF45 /* Frameworks */ = {
			isa = PBXFrameworksBuildPhase;
			buildActionMask = 2147483647;
			files = (
			);
			runOnlyForDeploymentPostprocessing = 0;
		};
/* End PBXFrameworksBuildPhase section */

/* Begin PBXGroup section */
		92EA7AB12A1D266A001DAF45 = {
			isa = PBXGroup;
			children = (
				92EA7ABC2A1D266A001DAF45 /* CoreDataProject */,
				92EA7ABB2A1D266A001DAF45 /* Products */,
			);
			sourceTree = "<group>";
		};
		92EA7ABB2A1D266A001DAF45 /* Products */ = {
			isa = PBXGroup;
			children = (
				92EA7ABA2A1D266A001DAF45 /* CoreDataProject.app */,
			);
			name = Products;
			sourceTree = "<group>";
		};
		92EA7ABC2A1D266A001DAF45 /* CoreDataProject */ = {
			isa = PBXGroup;
			children = (
				92EA7ADA2A20077A001DAF45 /* Candy+CoreDataClass.swift */,
				92EA7ADB2A20077A001DAF45 /* Candy+CoreDataProperties.swift */,
				92EA7ADC2A20077A001DAF45 /* Country+CoreDataClass.swift */,
				92EA7ADD2A20077A001DAF45 /* Country+CoreDataProperties.swift */,
				92EA7AD82A1FC70E001DAF45 /* FilteredList.swift */,
				92EA7AD42A1FC61C001DAF45 /* Singer+CoreDataClass.swift */,
				92EA7AD52A1FC61C001DAF45 /* Singer+CoreDataProperties.swift */,
				92EA7AD02A1E70F0001DAF45 /* Movie+CoreDataClass.swift */,
				92EA7AD12A1E70F0001DAF45 /* Movie+CoreDataProperties.swift */,
				92EA7ABD2A1D266A001DAF45 /* CoreDataProjectApp.swift */,
				92EA7ABF2A1D266A001DAF45 /* ContentView.swift */,
				92EA7ACB2A1D26E9001DAF45 /* CoreDataProject.xcdatamodeld */,
				92EA7ACE2A1D26F4001DAF45 /* DataController.swift */,
				92EA7AC12A1D266A001DAF45 /* Assets.xcassets */,
				92EA7AC32A1D266A001DAF45 /* Preview Content */,
			);
			path = CoreDataProject;
			sourceTree = "<group>";
		};
		92EA7AC32A1D266A001DAF45 /* Preview Content */ = {
			isa = PBXGroup;
			children = (
				92EA7AC42A1D266A001DAF45 /* Preview Assets.xcassets */,
			);
			path = "Preview Content";
			sourceTree = "<group>";
		};
/* End PBXGroup section */

/* Begin PBXNativeTarget section */
		92EA7AB92A1D266A001DAF45 /* CoreDataProject */ = {
			isa = PBXNativeTarget;
			buildConfigurationList = 92EA7AC82A1D266A001DAF45 /* Build configuration list for PBXNativeTarget "CoreDataProject" */;
			buildPhases = (
				92EA7AB62A1D266A001DAF45 /* Sources */,
				92EA7AB72A1D266A001DAF45 /* Frameworks */,
				92EA7AB82A1D266A001DAF45 /* Resources */,
			);
			buildRules = (
			);
			dependencies = (
			);
			name = CoreDataProject;
			productName = CoreDataProject;
			productReference = 92EA7ABA2A1D266A001DAF45 /* CoreDataProject.app */;
			productType = "com.apple.product-type.application";
		};
/* End PBXNativeTarget section */

/* Begin PBXProject section */
		92EA7AB22A1D266A001DAF45 /* Project object */ = {
			isa = PBXProject;
			attributes = {
				BuildIndependentTargetsInParallel = 1;
				LastSwiftUpdateCheck = 1430;
				LastUpgradeCheck = 1430;
				TargetAttributes = {
					92EA7AB92A1D266A001DAF45 = {
						CreatedOnToolsVersion = 14.3;
					};
				};
			};
			buildConfigurationList = 92EA7AB52A1D266A001DAF45 /* Build configuration list for PBXProject "CoreDataProject" */;
			compatibilityVersion = "Xcode 14.0";
			developmentRegion = en;
			hasScannedForEncodings = 0;
			knownRegions = (
				en,
				Base,
			);
			mainGroup = 92EA7AB12A1D266A001DAF45;
			productRefGroup = 92EA7ABB2A1D266A001DAF45 /* Products */;
			projectDirPath = "";
			projectRoot = "";
			targets = (
				92EA7AB92A1D266A001DAF45 /* CoreDataProject */,
			);
		};
/* End PBXProject section */

/* Begin PBXResourcesBuildPhase section */
		92EA7AB82A1D266A001DAF45 /* Resources */ = {
			isa = PBXResourcesBuildPhase;
			buildActionMask = 2147483647;
			files = (
				92EA7AC52A1D266A001DAF45 /* Preview Assets.xcassets in Resources */,
				92EA7AC22A1D266A001DAF45 /* Assets.xcassets in Resources */,
			);
			runOnlyForDeploymentPostprocessing = 0;
		};
/* End PBXResourcesBuildPhase section */

/* Begin PBXSourcesBuildPhase section */
		92EA7AB62A1D266A001DAF45 /* Sources */ = {
			isa = PBXSourcesBuildPhase;
			buildActionMask = 2147483647;
			files = (
				92EA7AD62A1FC61C001DAF45 /* Singer+CoreDataClass.swift in Sources */,
				92EA7ADE2A20077A001DAF45 /* Candy+CoreDataClass.swift in Sources */,
				92EA7AE12A20077A001DAF45 /* Country+CoreDataProperties.swift in Sources */,
				92EA7AE02A20077A001DAF45 /* Country+CoreDataClass.swift in Sources */,
				92EA7ADF2A20077A001DAF45 /* Candy+CoreDataProperties.swift in Sources */,
				92EA7AC02A1D266A001DAF45 /* ContentView.swift in Sources */,
				92EA7AD92A1FC70E001DAF45 /* FilteredList.swift in Sources */,
				92EA7ACF2A1D26F4001DAF45 /* DataController.swift in Sources */,
				92EA7ABE2A1D266A001DAF45 /* CoreDataProjectApp.swift in Sources */,
				92EA7AD22A1E70F0001DAF45 /* Movie+CoreDataClass.swift in Sources */,
				92EA7AD72A1FC61C001DAF45 /* Singer+CoreDataProperties.swift in Sources */,
				92EA7AD32A1E70F0001DAF45 /* Movie+CoreDataProperties.swift in Sources */,
				92EA7ACD2A1D26E9001DAF45 /* CoreDataProject.xcdatamodeld in Sources */,
			);
			runOnlyForDeploymentPostprocessing = 0;
		};
/* End PBXSourcesBuildPhase section */

/* Begin XCBuildConfiguration section */
		92EA7AC62A1D266A001DAF45 /* Debug */ = {
			isa = XCBuildConfiguration;
			buildSettings = {
				ALWAYS_SEARCH_USER_PATHS = NO;
				CLANG_ANALYZER_NONNULL = YES;
				CLANG_ANALYZER_NUMBER_OBJECT_CONVERSION = YES_AGGRESSIVE;
				CLANG_CXX_LANGUAGE_STANDARD = "gnu++20";
				CLANG_ENABLE_MODULES = YES;
				CLANG_ENABLE_OBJC_ARC = YES;
				CLANG_ENABLE_OBJC_WEAK = YES;
				CLANG_WARN_BLOCK_CAPTURE_AUTORELEASING = YES;
				CLANG_WARN_BOOL_CONVERSION = YES;
				CLANG_WARN_COMMA = YES;
				CLANG_WARN_CONSTANT_CONVERSION = YES;
				CLANG_WARN_DEPRECATED_OBJC_IMPLEMENTATIONS = YES;
				CLANG_WARN_DIRECT_OBJC_ISA_USAGE = YES_ERROR;
				CLANG_WARN_DOCUMENTATION_COMMENTS = YES;
				CLANG_WARN_EMPTY_BODY = YES;
				CLANG_WARN_ENUM_CONVERSION = YES;
				CLANG_WARN_INFINITE_RECURSION = YES;
				CLANG_WARN_INT_CONVERSION = YES;
				CLANG_WARN_NON_LITERAL_NULL_CONVERSION = YES;
				CLANG_WARN_OBJC_IMPLICIT_RETAIN_SELF = YES;
				CLANG_WARN_OBJC_LITERAL_CONVERSION = YES;
				CLANG_WARN_OBJC_ROOT_CLASS = YES_ERROR;
				CLANG_WARN_QUOTED_INCLUDE_IN_FRAMEWORK_HEADER = YES;
				CLANG_WARN_RANGE_LOOP_ANALYSIS = YES;
				CLANG_WARN_STRICT_PROTOTYPES = YES;
				CLANG_WARN_SUSPICIOUS_MOVE = YES;
				CLANG_WARN_UNGUARDED_AVAILABILITY = YES_AGGRESSIVE;
				CLANG_WARN_UNREACHABLE_CODE = YES;
				CLANG_WARN__DUPLICATE_METHOD_MATCH = YES;
				COPY_PHASE_STRIP = NO;
				DEBUG_INFORMATION_FORMAT = dwarf;
				ENABLE_STRICT_OBJC_MSGSEND = YES;
				ENABLE_TESTABILITY = YES;
				GCC_C_LANGUAGE_STANDARD = gnu11;
				GCC_DYNAMIC_NO_PIC = NO;
				GCC_NO_COMMON_BLOCKS = YES;
				GCC_OPTIMIZATION_LEVEL = 0;
				GCC_PREPROCESSOR_DEFINITIONS = (
					"DEBUG=1",
					"$(inherited)",
				);
				GCC_WARN_64_TO_32_BIT_CONVERSION = YES;
				GCC_WARN_ABOUT_RETURN_TYPE = YES_ERROR;
				GCC_WARN_UNDECLARED_SELECTOR = YES;
				GCC_WARN_UNINITIALIZED_AUTOS = YES_AGGRESSIVE;
				GCC_WARN_UNUSED_FUNCTION = YES;
				GCC_WARN_UNUSED_VARIABLE = YES;
				IPHONEOS_DEPLOYMENT_TARGET = 16.4;
				MTL_ENABLE_DEBUG_INFO = INCLUDE_SOURCE;
				MTL_FAST_MATH = YES;
				ONLY_ACTIVE_ARCH = YES;
				SDKROOT = iphoneos;
				SWIFT_ACTIVE_COMPILATION_CONDITIONS = DEBUG;
				SWIFT_OPTIMIZATION_LEVEL = "-Onone";
			};
			name = Debug;
		};
		92EA7AC72A1D266A001DAF45 /* Release */ = {
			isa = XCBuildConfiguration;
			buildSettings = {
				ALWAYS_SEARCH_USER_PATHS = NO;
				CLANG_ANALYZER_NONNULL = YES;
				CLANG_ANALYZER_NUMBER_OBJECT_CONVERSION = YES_AGGRESSIVE;
				CLANG_CXX_LANGUAGE_STANDARD = "gnu++20";
				CLANG_ENABLE_MODULES = YES;
				CLANG_ENABLE_OBJC_ARC = YES;
				CLANG_ENABLE_OBJC_WEAK = YES;
				CLANG_WARN_BLOCK_CAPTURE_AUTORELEASING = YES;
				CLANG_WARN_BOOL_CONVERSION = YES;
				CLANG_WARN_COMMA = YES;
				CLANG_WARN_CONSTANT_CONVERSION = YES;
				CLANG_WARN_DEPRECATED_OBJC_IMPLEMENTATIONS = YES;
				CLANG_WARN_DIRECT_OBJC_ISA_USAGE = YES_ERROR;
				CLANG_WARN_DOCUMENTATION_COMMENTS = YES;
				CLANG_WARN_EMPTY_BODY = YES;
				CLANG_WARN_ENUM_CONVERSION = YES;
				CLANG_WARN_INFINITE_RECURSION = YES;
				CLANG_WARN_INT_CONVERSION = YES;
				CLANG_WARN_NON_LITERAL_NULL_CONVERSION = YES;
				CLANG_WARN_OBJC_IMPLICIT_RETAIN_SELF = YES;
				CLANG_WARN_OBJC_LITERAL_CONVERSION = YES;
				CLANG_WARN_OBJC_ROOT_CLASS = YES_ERROR;
				CLANG_WARN_QUOTED_INCLUDE_IN_FRAMEWORK_HEADER = YES;
				CLANG_WARN_RANGE_LOOP_ANALYSIS = YES;
				CLANG_WARN_STRICT_PROTOTYPES = YES;
				CLANG_WARN_SUSPICIOUS_MOVE = YES;
				CLANG_WARN_UNGUARDED_AVAILABILITY = YES_AGGRESSIVE;
				CLANG_WARN_UNREACHABLE_CODE = YES;
				CLANG_WARN__DUPLICATE_METHOD_MATCH = YES;
				COPY_PHASE_STRIP = NO;
				DEBUG_INFORMATION_FORMAT = "dwarf-with-dsym";
				ENABLE_NS_ASSERTIONS = NO;
				ENABLE_STRICT_OBJC_MSGSEND = YES;
				GCC_C_LANGUAGE_STANDARD = gnu11;
				GCC_NO_COMMON_BLOCKS = YES;
				GCC_WARN_64_TO_32_BIT_CONVERSION = YES;
				GCC_WARN_ABOUT_RETURN_TYPE = YES_ERROR;
				GCC_WARN_UNDECLARED_SELECTOR = YES;
				GCC_WARN_UNINITIALIZED_AUTOS = YES_AGGRESSIVE;
				GCC_WARN_UNUSED_FUNCTION = YES;
				GCC_WARN_UNUSED_VARIABLE = YES;
				IPHONEOS_DEPLOYMENT_TARGET = 16.4;
				MTL_ENABLE_DEBUG_INFO = NO;
				MTL_FAST_MATH = YES;
				SDKROOT = iphoneos;
				SWIFT_COMPILATION_MODE = wholemodule;
				SWIFT_OPTIMIZATION_LEVEL = "-O";
				VALIDATE_PRODUCT = YES;
			};
			name = Release;
		};
		92EA7AC92A1D266A001DAF45 /* Debug */ = {
			isa = XCBuildConfiguration;
			buildSettings = {
				ASSETCATALOG_COMPILER_APPICON_NAME = AppIcon;
				ASSETCATALOG_COMPILER_GLOBAL_ACCENT_COLOR_NAME = AccentColor;
				CODE_SIGN_STYLE = Automatic;
				CURRENT_PROJECT_VERSION = 1;
				DEVELOPMENT_ASSET_PATHS = "\"CoreDataProject/Preview Content\"";
				ENABLE_PREVIEWS = YES;
				GENERATE_INFOPLIST_FILE = YES;
				INFOPLIST_KEY_UIApplicationSceneManifest_Generation = YES;
				INFOPLIST_KEY_UIApplicationSupportsIndirectInputEvents = YES;
				INFOPLIST_KEY_UILaunchScreen_Generation = YES;
				INFOPLIST_KEY_UISupportedInterfaceOrientations_iPad = "UIInterfaceOrientationPortrait UIInterfaceOrientationPortraitUpsideDown UIInterfaceOrientationLandscapeLeft UIInterfaceOrientationLandscapeRight";
				INFOPLIST_KEY_UISupportedInterfaceOrientations_iPhone = "UIInterfaceOrientationPortrait UIInterfaceOrientationLandscapeLeft UIInterfaceOrientationLandscapeRight";
				LD_RUNPATH_SEARCH_PATHS = (
					"$(inherited)",
					"@executable_path/Frameworks",
				);
				MARKETING_VERSION = 1.0;
				PRODUCT_BUNDLE_IDENTIFIER = com.anthonybath.CoreDataProject;
				PRODUCT_NAME = "$(TARGET_NAME)";
				SWIFT_EMIT_LOC_STRINGS = YES;
				SWIFT_VERSION = 5.0;
				TARGETED_DEVICE_FAMILY = "1,2";
			};
			name = Debug;
		};
		92EA7ACA2A1D266A001DAF45 /* Release */ = {
			isa = XCBuildConfiguration;
			buildSettings = {
				ASSETCATALOG_COMPILER_APPICON_NAME = AppIcon;
				ASSETCATALOG_COMPILER_GLOBAL_ACCENT_COLOR_NAME = AccentColor;
				CODE_SIGN_STYLE = Automatic;
				CURRENT_PROJECT_VERSION = 1;
				DEVELOPMENT_ASSET_PATHS = "\"CoreDataProject/Preview Content\"";
				ENABLE_PREVIEWS = YES;
				GENERATE_INFOPLIST_FILE = YES;
				INFOPLIST_KEY_UIApplicationSceneManifest_Generation = YES;
				INFOPLIST_KEY_UIApplicationSupportsIndirectInputEvents = YES;
				INFOPLIST_KEY_UILaunchScreen_Generation = YES;
				INFOPLIST_KEY_UISupportedInterfaceOrientations_iPad = "UIInterfaceOrientationPortrait UIInterfaceOrientationPortraitUpsideDown UIInterfaceOrientationLandscapeLeft UIInterfaceOrientationLandscapeRight";
				INFOPLIST_KEY_UISupportedInterfaceOrientations_iPhone = "UIInterfaceOrientationPortrait UIInterfaceOrientationLandscapeLeft UIInterfaceOrientationLandscapeRight";
				LD_RUNPATH_SEARCH_PATHS = (
					"$(inherited)",
					"@executable_path/Frameworks",
				);
				MARKETING_VERSION = 1.0;
				PRODUCT_BUNDLE_IDENTIFIER = com.anthonybath.CoreDataProject;
				PRODUCT_NAME = "$(TARGET_NAME)";
				SWIFT_EMIT_LOC_STRINGS = YES;
				SWIFT_VERSION = 5.0;
				TARGETED_DEVICE_FAMILY = "1,2";
			};
			name = Release;
		};
/* End XCBuildConfiguration section */

/* Begin XCConfigurationList section */
		92EA7AB52A1D266A001DAF45 /* Build configuration list for PBXProject "CoreDataProject" */ = {
			isa = XCConfigurationList;
			buildConfigurations = (
				92EA7AC62A1D266A001DAF45 /* Debug */,
				92EA7AC72A1D266A001DAF45 /* Release */,
			);
			defaultConfigurationIsVisible = 0;
			defaultConfigurationName = Release;
		};
		92EA7AC82A1D266A001DAF45 /* Build configuration list for PBXNativeTarget "CoreDataProject" */ = {
			isa = XCConfigurationList;
			buildConfigurations = (
				92EA7AC92A1D266A001DAF45 /* Debug */,
				92EA7ACA2A1D266A001DAF45 /* Release */,
			);
			defaultConfigurationIsVisible = 0;
			defaultConfigurationName = Release;
		};
/* End XCConfigurationList section */

/* Begin XCVersionGroup section */
		92EA7ACB2A1D26E9001DAF45 /* CoreDataProject.xcdatamodeld */ = {
			isa = XCVersionGroup;
			children = (
				92EA7ACC2A1D26E9001DAF45 /* CoreDataProject.xcdatamodel */,
			);
			currentVersion = 92EA7ACC2A1D26E9001DAF45 /* CoreDataProject.xcdatamodel */;
			path = CoreDataProject.xcdatamodeld;
			sourceTree = "<group>";
			versionGroupType = wrapper.xcdatamodel;
		};
/* End XCVersionGroup section */
	};
	rootObject = 92EA7AB22A1D266A001DAF45 /* Project object */;
}
